
Microsoft Visual Studio Solution File, Format Version 12.00
# Visual Studio Version 17
VisualStudioVersion = 17.9.34622.214
MinimumVisualStudioVersion = 10.0.40219.1
Project("{9A19103F-16F7-4668-BE54-9A1E7A4F7556}") = "ToDoList", "ToDoList\ToDoList.csproj", "{2B52BF7A-B28F-4F93-B649-B78A80E8ECF0}"
EndProject
Project("{2150E333-8FDC-42A3-9474-1A3956D46DE8}") = "Solution Items", "Solution Items", "{709BCFCD-0C71-4007-B9B1-475A09401BA0}"
	ProjectSection(SolutionItems) = preProject
		README.md = README.md
	EndProjectSection
EndProject
Global
	GlobalSection(SolutionConfigurationPlatforms) = preSolution
		Debug|Any CPU = Debug|Any CPU
		Release|Any CPU = Release|Any CPU
	EndGlobalSection
	GlobalSection(ProjectConfigurationPlatforms) = postSolution
		{2B52BF7A-B28F-4F93-B649-B78A80E8ECF0}.Debug|Any CPU.ActiveCfg = Debug|Any CPU
		{2B52BF7A-B28F-4F93-B649-B78A80E8ECF0}.Debug|Any CPU.Build.0 = Debug|Any CPU
		{2B52BF7A-B28F-4F93-B649-B78A80E8ECF0}.Release|Any CPU.ActiveCfg = Release|Any CPU
		{2B52BF7A-B28F-4F93-B649-B78A80E8ECF0}.Release|Any CPU.Build.0 = Release|Any CPU
	EndGlobalSection
	GlobalSection(SolutionProperties) = preSolution
		HideSolutionNode = FALSE
	EndGlobalSection
	GlobalSection(ExtensibilityGlobals) = postSolution
		SolutionGuid = {05666FF2-BB1E-442A-95A4-3C30BC61F42D}
	EndGlobalSection
EndGlobal
